
Microsoft Visual Studio Solution File, Format Version 12.00
# Visual Studio Version 16
VisualStudioVersion = 16.0.31515.178
MinimumVisualStudioVersion = 10.0.40219.1
Project("{FAE04EC0-301F-11D3-BF4B-00C04F79EFBC}") = "Example", "Example\Example.csproj", "{C0F3DDEB-6EDA-48F2-892C-EFC1CEE9FC87}"
EndProject
Project("{FAE04EC0-301F-11D3-BF4B-00C04F79EFBC}") = "UnitTests", "UnitTests\UnitTests.csproj", "{F54B3936-42FA-4224-BAC3-03B5862A8677}"
EndProject
Global
	GlobalSection(SolutionConfigurationPlatforms) = preSolution
		Debug|Any CPU = Debug|Any CPU
		Release|Any CPU = Release|Any CPU
	EndGlobalSection
	GlobalSection(ProjectConfigurationPlatforms) = postSolution
		{C0F3DDEB-6EDA-48F2-892C-EFC1CEE9FC87}.Debug|Any CPU.ActiveCfg = Debug|Any CPU
		{C0F3DDEB-6EDA-48F2-892C-EFC1CEE9FC87}.Debug|Any CPU.Build.0 = Debug|Any CPU
		{C0F3DDEB-6EDA-48F2-892C-EFC1CEE9FC87}.Release|Any CPU.ActiveCfg = Release|Any CPU
		{C0F3DDEB-6EDA-48F2-892C-EFC1CEE9FC87}.Release|Any CPU.Build.0 = Release|Any CPU
		{F54B3936-42FA-4224-BAC3-03B5862A8677}.Debug|Any CPU.ActiveCfg = Debug|Any CPU
		{F54B3936-42FA-4224-BAC3-03B5862A8677}.Debug|Any CPU.Build.0 = Debug|Any CPU
		{F54B3936-42FA-4224-BAC3-03B5862A8677}.Release|Any CPU.ActiveCfg = Release|Any CPU
		{F54B3936-42FA-4224-BAC3-03B5862A8677}.Release|Any CPU.Build.0 = Release|Any CPU
	EndGlobalSection
	GlobalSection(SolutionProperties) = preSolution
		HideSolutionNode = FALSE
	EndGlobalSection
	GlobalSection(ExtensibilityGlobals) = postSolution
		SolutionGuid = {672C1EE7-05B9-4D53-9A7A-144027BA844E}
	EndGlobalSection
EndGlobal
